
Microsoft Visual Studio Solution File, Format Version 12.00
# Visual Studio Version 17
VisualStudioVersion = 17.14.36221.1 d17.14
MinimumVisualStudioVersion = 10.0.40219.1
Project("{FAE04EC0-301F-11D3-BF4B-00C04F79EFBC}") = "ImageTo3mfTopograph_Application", "ImageTo3mfTopograph_Application\ImageTo3mfTopograph_Application.csproj", "{9C1069F3-3867-4D27-87E6-783B96A81C9A}"
EndProject
Global
	GlobalSection(SolutionConfigurationPlatforms) = preSolution
		Debug|Any CPU = Debug|Any CPU
		Release|Any CPU = Release|Any CPU
	EndGlobalSection
	GlobalSection(ProjectConfigurationPlatforms) = postSolution
		{9C1069F3-3867-4D27-87E6-783B96A81C9A}.Debug|Any CPU.ActiveCfg = Debug|Any CPU
		{9C1069F3-3867-4D27-87E6-783B96A81C9A}.Debug|Any CPU.Build.0 = Debug|Any CPU
		{9C1069F3-3867-4D27-87E6-783B96A81C9A}.Release|Any CPU.ActiveCfg = Release|Any CPU
		{9C1069F3-3867-4D27-87E6-783B96A81C9A}.Release|Any CPU.Build.0 = Release|Any CPU
	EndGlobalSection
	GlobalSection(SolutionProperties) = preSolution
		HideSolutionNode = FALSE
	EndGlobalSection
	GlobalSection(ExtensibilityGlobals) = postSolution
		SolutionGuid = {6E4CE7B5-E018-49CA-9838-F16D5759768A}
	EndGlobalSection
EndGlobal
